<?xml version="1.0" encoding="utf-8"?>
<Project ToolsVersion="4.0" xmlns="http://schemas.microsoft.com/developer/msbuild/2003">
  <ItemGroup>
    <ClCompile Include="Client.cpp" />
    <ClCompile Include="D3D11Helper.cpp" />
    <ClCompile Include="ErrorLog.cpp" />
    <ClCompile Include="GuiHandler.cpp" />
    <ClCompile Include="GUISprite.cpp" />
    <ClCompile Include="GUIText.cpp" />
    <ClCompile Include="main.cpp" />
    <ClCompile Include="Texture.cpp" />
    <ClCompile Include="WindowHelper.cpp" />
    <ClCompile Include="ImGui\imgui.cpp">
      <Filter>ImGui</Filter>
    </ClCompile>
    <ClCompile Include="ImGui\imgui_demo.cpp">
      <Filter>ImGui</Filter>
    </ClCompile>
    <ClCompile Include="ImGui\imgui_draw.cpp">
      <Filter>ImGui</Filter>
    </ClCompile>
    <ClCompile Include="ImGui\imgui_impl_dx11.cpp">
      <Filter>ImGui</Filter>
    </ClCompile>
    <ClCompile Include="ImGui\imgui_impl_win32.cpp">
      <Filter>ImGui</Filter>
    </ClCompile>
    <ClCompile Include="ImGui\imgui_tables.cpp">
      <Filter>ImGui</Filter>
    </ClCompile>
    <ClCompile Include="ImGui\imgui_widgets.cpp">
      <Filter>ImGui</Filter>
    </ClCompile>
    <ClCompile Include="BasicRenderer.cpp" />
    <ClCompile Include="ShaderLoader.cpp" />
    <ClCompile Include="Camera.cpp" />
    <ClCompile Include="DXUtil.cpp" />
    <ClCompile Include="GravityField.cpp" />
    <ClCompile Include="DirectXMathHelper.cpp" />
    <ClCompile Include="Credits.cpp" />
    <ClCompile Include="SettingsUI.cpp" />
    <ClCompile Include="Light.cpp" />
    <ClCompile Include="LightHandler.cpp" />
    <ClCompile Include="Player.cpp" />
    <ClCompile Include="Item.cpp" />
    <ClCompile Include="Potion.cpp" />
    <ClCompile Include="PhysicsWorld.cpp">
      <Filter>Physics</Filter>
    </ClCompile>
    <ClCompile Include="PhysicsComponent.cpp">
      <Filter>Physics</Filter>
    </ClCompile>
    <ClCompile Include="GameObject.cpp">
      <Filter>GameObjects</Filter>
    </ClCompile>
    <ClCompile Include="Game.cpp">
      <Filter>Game-States</Filter>
    </ClCompile>
    <ClCompile Include="ImGuiHelper.cpp">
      <Filter>ImGui</Filter>
    </ClCompile>
    <ClCompile Include="MouseClass.cpp">
      <Filter>MouseClass</Filter>
    </ClCompile>
    <ClCompile Include="MouseEvent.cpp">
      <Filter>MouseClass</Filter>
    </ClCompile>
    <ClCompile Include="Menu.cpp">
      <Filter>Game-States</Filter>
    </ClCompile>
    <ClCompile Include="State.cpp">
      <Filter>Game-States</Filter>
    </ClCompile>
  </ItemGroup>
  <ItemGroup>
    <ClInclude Include="Bound.h" />
    <ClInclude Include="Buffer.h" />
    <ClInclude Include="ConstantBuffer.h" />
    <ClInclude Include="GPU.h" />
    <ClInclude Include="GuiHandler.h" />
    <ClInclude Include="GUIObject.h" />
    <ClInclude Include="GUISprite.h" />
    <ClInclude Include="GUIText.h" />
    <ClInclude Include="IndexBuffer.h" />
    <ClInclude Include="MaterialLibrary.h" />
    <ClInclude Include="Mesh.h" />
    <ClInclude Include="MTL.h" />
    <ClInclude Include="OBJ.h" />
    <ClInclude Include="RasterizerState.h" />
    <ClInclude Include="RenderTargetView.h" />
    <ClInclude Include="SamplerState.h" />
    <ClInclude Include="ShaderResourceView.h" />
    <ClInclude Include="ShaderResourceTexture.h" />
    <ClInclude Include="Sound.h" />
    <ClInclude Include="SoundCollection.h" />
    <ClInclude Include="Client.h" />
    <ClInclude Include="Console.h" />
    <ClInclude Include="D3D11Helper.h" />
    <ClInclude Include="ErrorLog.h" />
    <ClInclude Include="ImGui\imconfig.h" />
    <ClInclude Include="Input.h" />
    <ClInclude Include="MemoryLeackChecker.h" />
    <ClInclude Include="PackageTypes.h" />
    <ClInclude Include="resource.h" />
    <ClInclude Include="Texture.h" />
    <ClInclude Include="Topology.h" />
    <ClInclude Include="UnorderedAccessView.h" />
    <ClInclude Include="Vertex.h" />
    <ClInclude Include="VertexBuffer.h" />
    <ClInclude Include="ViewPort.h" />
    <ClInclude Include="WindowHelper.h" />
    <ClInclude Include="ImGui\imgui.h">
      <Filter>ImGui</Filter>
    </ClInclude>
    <ClInclude Include="ImGui\imgui_impl_dx11.h">
      <Filter>ImGui</Filter>
    </ClInclude>
    <ClInclude Include="ImGui\imgui_impl_win32.h">
      <Filter>ImGui</Filter>
    </ClInclude>
    <ClInclude Include="ImGui\imgui_internal.h">
      <Filter>ImGui</Filter>
    </ClInclude>
    <ClInclude Include="stb_image.h">
      <Filter>stb_image</Filter>
    </ClInclude>
    <ClInclude Include="stb_image_resize.h">
      <Filter>stb_image</Filter>
    </ClInclude>
    <ClInclude Include="stb_image_write.h">
      <Filter>stb_image</Filter>
    </ClInclude>
    <ClInclude Include="ImGui\imstb_rectpack.h">
      <Filter>ImGui</Filter>
    </ClInclude>
    <ClInclude Include="ImGui\imstb_textedit.h">
      <Filter>ImGui</Filter>
    </ClInclude>
    <ClInclude Include="ImGui\imstb_truetype.h">
      <Filter>ImGui</Filter>
    </ClInclude>
    <ClInclude Include="BasicRenderer.h" />
    <ClInclude Include="ShaderLoader.h" />
    <ClInclude Include="Camera.h" />
    <ClInclude Include="BlendState.h" />
    <ClInclude Include="DepthStencilState.h" />
    <ClInclude Include="PerspectiveCamera.h" />
    <ClInclude Include="DXUtil.h" />
    <ClInclude Include="DepthStencilView.h" />
    <ClInclude Include="GravityField.h" />
    <ClInclude Include="DirectXMathHelper.h" />
    <ClInclude Include="TimeStruct.h" />
    <ClInclude Include="Player.h" />
    <ClInclude Include="ConstantBufferNew.h" />
    <ClInclude Include="BufferTypes.h" />
    <ClInclude Include="Credits.h" />
    <ClInclude Include="SettingsUI.h" />
    <ClInclude Include="BufferTypes.h" />
    <ClInclude Include="Light.h" />
    <ClInclude Include="LightHandler.h" />
    <ClInclude Include="StructuredBuffer.h" />
    <ClInclude Include="Item.h" />
    <ClInclude Include="Potion.h" />
    <ClInclude Include="PhysicsWorld.h">
      <Filter>Physics</Filter>
    </ClInclude>
    <ClInclude Include="PhysicsComponent.h">
      <Filter>Physics</Filter>
    </ClInclude>
    <ClInclude Include="GameObject.h">
      <Filter>GameObjects</Filter>
    </ClInclude>
    <ClInclude Include="Game.h">
      <Filter>Game-States</Filter>
    </ClInclude>
    <ClInclude Include="ImGuiHelper.h">
      <Filter>ImGui</Filter>
    </ClInclude>
    <ClInclude Include="MouseClass.h">
      <Filter>MouseClass</Filter>
    </ClInclude>
    <ClInclude Include="MouseEvent.h">
      <Filter>MouseClass</Filter>
    </ClInclude>
    <ClInclude Include="Menu.h">
      <Filter>Game-States</Filter>
    </ClInclude>
    <ClInclude Include="State.h">
      <Filter>Game-States</Filter>
    </ClInclude>
  </ItemGroup>
  <ItemGroup>
    <ResourceCompile Include="StortSpelProjekt.rc" />
  </ItemGroup>
  <ItemGroup>
    <Image Include="icon.ico" />
  </ItemGroup>
  <ItemGroup>
    <Filter Include="ImGui">
      <UniqueIdentifier>{2920180e-767b-41b0-b5d4-b8291c9b66f9}</UniqueIdentifier>
    </Filter>
    <Filter Include="stb_image">
      <UniqueIdentifier>{04645332-69e8-44a7-93c1-88dd530212f4}</UniqueIdentifier>
    </Filter>
    <Filter Include="Physics">
      <UniqueIdentifier>{49297479-471c-4cc8-85a3-c150d3eb66a3}</UniqueIdentifier>
    </Filter>
    <Filter Include="GameObjects">
      <UniqueIdentifier>{2e2e4dc7-3936-4221-8f24-81775a0b84ea}</UniqueIdentifier>
    </Filter>
    <Filter Include="Game-States">
      <UniqueIdentifier>{f3dfddc5-031d-40f6-bfbe-372117da74f7}</UniqueIdentifier>
    </Filter>
    <Filter Include="MouseClass">
      <UniqueIdentifier>{7e39fc3d-95b3-4fc2-a175-117077aa7e81}</UniqueIdentifier>
    </Filter>
  </ItemGroup>
  <ItemGroup>
    <FxCompile Include="PixelShader.hlsl" />
    <FxCompile Include="VertexShader.hlsl" />
    <FxCompile Include="VertexShader.hlsl" />
    <FxCompile Include="PixelShader.hlsl" />
    <FxCompile Include="DebuggerPshader.hlsl">
      <Filter>Physics</Filter>
    </FxCompile>
  </ItemGroup>
</Project>